
Microsoft Visual Studio Solution File, Format Version 12.00
# Visual Studio 15
VisualStudioVersion = 15.0.28307.779
MinimumVisualStudioVersion = 10.0.40219.1
Project("{2150E333-8FDC-42A3-9474-1A3956D46DE8}") = "Src", "Src", "{C4A6948F-AEFE-467A-9D37-EF5F2AFDFA2D}"
EndProject
Project("{2150E333-8FDC-42A3-9474-1A3956D46DE8}") = "Test", "Test", "{C1D4B7B5-1AC2-4D38-80BD-97E6CDC10E4D}"
EndProject
Project("{2150E333-8FDC-42A3-9474-1A3956D46DE8}") = "Api", "Api", "{49E593B4-5D75-4925-BF32-B910165459AD}"
EndProject
Project("{2150E333-8FDC-42A3-9474-1A3956D46DE8}") = "Application", "Application", "{1D2D4EB3-BCCC-4A94-BC75-7BF12C93235F}"
EndProject
Project("{2150E333-8FDC-42A3-9474-1A3956D46DE8}") = "Common", "Common", "{79F9576D-FD84-4922-A2C1-019366118434}"
EndProject
Project("{2150E333-8FDC-42A3-9474-1A3956D46DE8}") = "Domain", "Domain", "{63464251-18CC-4E2B-AD27-58EF501BE34A}"
EndProject
Project("{2150E333-8FDC-42A3-9474-1A3956D46DE8}") = "Infrastructure", "Infrastructure", "{CC642FE2-CB23-46D3-81DF-DB6C065D5CB2}"
EndProject
Project("{2150E333-8FDC-42A3-9474-1A3956D46DE8}") = "Persistence", "Persistence", "{F889A646-CEA1-4499-8DC0-102C42425787}"
EndProject
Project("{2150E333-8FDC-42A3-9474-1A3956D46DE8}") = "Api.IntegrationTests", "Api.IntegrationTests", "{B80F9A27-E16B-4166-A8EB-81605A9D5CB8}"
EndProject
Project("{2150E333-8FDC-42A3-9474-1A3956D46DE8}") = "Application.UnitTests", "Application.UnitTests", "{85F5CEF8-85D2-4503-8237-E2ADB4C18FCA}"
EndProject
Project("{2150E333-8FDC-42A3-9474-1A3956D46DE8}") = "Domain.UnitTests", "Domain.UnitTests", "{02194140-2890-4228-BC0D-66E48012641F}"
EndProject
Project("{9A19103F-16F7-4668-BE54-9A1E7A4F7556}") = "Company.Project.Domain", "Src\Domain\Company.Project.Domain.csproj", "{59265511-7C1D-4989-A0E1-8845ED1698AB}"
EndProject
Project("{9A19103F-16F7-4668-BE54-9A1E7A4F7556}") = "Company.Project.Application", "Src\Application\Company.Project.Application.csproj", "{CB665770-0643-4ABA-9BD2-DFC98AAEC260}"
EndProject
Project("{2150E333-8FDC-42A3-9474-1A3956D46DE8}") = "Solution Items", "Solution Items", "{9F1657DB-F88B-4A23-975E-CFC19AD3D981}"
	ProjectSection(SolutionItems) = preProject
		docker-compose.yml = docker-compose.yml
	EndProjectSection
EndProject
Project("{FAE04EC0-301F-11D3-BF4B-00C04F79EFBC}") = "Company.Project.Domain.UnitTests", "Test\Domain.UnitTests\Company.Project.Domain.UnitTests.csproj", "{A3C4528D-B57D-46F4-B44D-98EE73FBD4CF}"
EndProject
Global
	GlobalSection(SolutionConfigurationPlatforms) = preSolution
		Debug|Any CPU = Debug|Any CPU
		Release|Any CPU = Release|Any CPU
	EndGlobalSection
	GlobalSection(ProjectConfigurationPlatforms) = postSolution
		{59265511-7C1D-4989-A0E1-8845ED1698AB}.Debug|Any CPU.ActiveCfg = Debug|Any CPU
		{59265511-7C1D-4989-A0E1-8845ED1698AB}.Debug|Any CPU.Build.0 = Debug|Any CPU
		{59265511-7C1D-4989-A0E1-8845ED1698AB}.Release|Any CPU.ActiveCfg = Release|Any CPU
		{59265511-7C1D-4989-A0E1-8845ED1698AB}.Release|Any CPU.Build.0 = Release|Any CPU
		{CB665770-0643-4ABA-9BD2-DFC98AAEC260}.Debug|Any CPU.ActiveCfg = Debug|Any CPU
		{CB665770-0643-4ABA-9BD2-DFC98AAEC260}.Debug|Any CPU.Build.0 = Debug|Any CPU
		{CB665770-0643-4ABA-9BD2-DFC98AAEC260}.Release|Any CPU.ActiveCfg = Release|Any CPU
		{CB665770-0643-4ABA-9BD2-DFC98AAEC260}.Release|Any CPU.Build.0 = Release|Any CPU
		{A3C4528D-B57D-46F4-B44D-98EE73FBD4CF}.Debug|Any CPU.ActiveCfg = Debug|Any CPU
		{A3C4528D-B57D-46F4-B44D-98EE73FBD4CF}.Debug|Any CPU.Build.0 = Debug|Any CPU
		{A3C4528D-B57D-46F4-B44D-98EE73FBD4CF}.Release|Any CPU.ActiveCfg = Release|Any CPU
		{A3C4528D-B57D-46F4-B44D-98EE73FBD4CF}.Release|Any CPU.Build.0 = Release|Any CPU
	EndGlobalSection
	GlobalSection(SolutionProperties) = preSolution
		HideSolutionNode = FALSE
	EndGlobalSection
	GlobalSection(NestedProjects) = preSolution
		{49E593B4-5D75-4925-BF32-B910165459AD} = {C4A6948F-AEFE-467A-9D37-EF5F2AFDFA2D}
		{1D2D4EB3-BCCC-4A94-BC75-7BF12C93235F} = {C4A6948F-AEFE-467A-9D37-EF5F2AFDFA2D}
		{79F9576D-FD84-4922-A2C1-019366118434} = {C4A6948F-AEFE-467A-9D37-EF5F2AFDFA2D}
		{63464251-18CC-4E2B-AD27-58EF501BE34A} = {C4A6948F-AEFE-467A-9D37-EF5F2AFDFA2D}
		{CC642FE2-CB23-46D3-81DF-DB6C065D5CB2} = {C4A6948F-AEFE-467A-9D37-EF5F2AFDFA2D}
		{F889A646-CEA1-4499-8DC0-102C42425787} = {C4A6948F-AEFE-467A-9D37-EF5F2AFDFA2D}
		{B80F9A27-E16B-4166-A8EB-81605A9D5CB8} = {C1D4B7B5-1AC2-4D38-80BD-97E6CDC10E4D}
		{85F5CEF8-85D2-4503-8237-E2ADB4C18FCA} = {C1D4B7B5-1AC2-4D38-80BD-97E6CDC10E4D}
		{02194140-2890-4228-BC0D-66E48012641F} = {C1D4B7B5-1AC2-4D38-80BD-97E6CDC10E4D}
		{59265511-7C1D-4989-A0E1-8845ED1698AB} = {63464251-18CC-4E2B-AD27-58EF501BE34A}
		{CB665770-0643-4ABA-9BD2-DFC98AAEC260} = {1D2D4EB3-BCCC-4A94-BC75-7BF12C93235F}
		{A3C4528D-B57D-46F4-B44D-98EE73FBD4CF} = {02194140-2890-4228-BC0D-66E48012641F}
	EndGlobalSection
	GlobalSection(ExtensibilityGlobals) = postSolution
		SolutionGuid = {170E1CF0-C87F-4A76-8159-7E637700B1CE}
	EndGlobalSection
EndGlobal
